# THIS IS AN AUTOGENERATED FILE. DO NOT EDIT THIS FILE DIRECTLY.
# yarn lockfile v1


vue-client-only@^2.1.0:
  version "2.1.0"
  resolved "https://registry.yarnpkg.com/vue-client-only/-/vue-client-only-2.1.0.tgz#1a67a47b8ecacfa86d75830173fffee3bf8a4ee3"
  integrity sha512-vKl1skEKn8EK9f8P2ZzhRnuaRHLHrlt1sbRmazlvsx6EiC3A8oWF8YCBrMJzoN+W3OnElwIGbVjsx6/xelY1AA==
